
Microsoft Visual Studio Solution File, Format Version 12.00
# Visual Studio Version 17
VisualStudioVersion = 17.5.002.0
MinimumVisualStudioVersion = 10.0.40219.1
Project("{9A19103F-16F7-4668-BE54-9A1E7A4F7556}") = "OmniMarket.API", "OmniMarket.API\OmniMarket.API.csproj", "{A2DAC2D6-050B-4613-B1BE-9D28889F169E}"
EndProject
Project("{9A19103F-16F7-4668-BE54-9A1E7A4F7556}") = "OmniMarket.Application", "OmniMarket.Application\OmniMarket.Application.csproj", "{D5AD2367-D003-4DE3-BFF9-04B0E242C1D2}"
EndProject
Project("{9A19103F-16F7-4668-BE54-9A1E7A4F7556}") = "OmniMarket.Core", "OmniMarket.Core\OmniMarket.Core.csproj", "{99B819B0-03DB-495B-8FA1-ED7997B23BB3}"
EndProject
Project("{9A19103F-16F7-4668-BE54-9A1E7A4F7556}") = "OmniMarket.Infrastructure", "OmniMarket.Infrastructure\OmniMarket.Infrastructure.csproj", "{5EC48960-39E4-4570-8FD9-3A5B09A9269B}"
EndProject
Project("{9A19103F-16F7-4668-BE54-9A1E7A4F7556}") = "OmniMarket.Tests", "OmniMarket.Tests\OmniMarket.Tests.csproj", "{AFE0E6A1-3E99-4853-B22E-F93F177766CD}"
EndProject
Global
	GlobalSection(SolutionConfigurationPlatforms) = preSolution
		Debug|Any CPU = Debug|Any CPU
		Release|Any CPU = Release|Any CPU
	EndGlobalSection
	GlobalSection(ProjectConfigurationPlatforms) = postSolution
		{A2DAC2D6-050B-4613-B1BE-9D28889F169E}.Debug|Any CPU.ActiveCfg = Debug|Any CPU
		{A2DAC2D6-050B-4613-B1BE-9D28889F169E}.Debug|Any CPU.Build.0 = Debug|Any CPU
		{A2DAC2D6-050B-4613-B1BE-9D28889F169E}.Release|Any CPU.ActiveCfg = Release|Any CPU
		{A2DAC2D6-050B-4613-B1BE-9D28889F169E}.Release|Any CPU.Build.0 = Release|Any CPU
		{D5AD2367-D003-4DE3-BFF9-04B0E242C1D2}.Debug|Any CPU.ActiveCfg = Debug|Any CPU
		{D5AD2367-D003-4DE3-BFF9-04B0E242C1D2}.Debug|Any CPU.Build.0 = Debug|Any CPU
		{D5AD2367-D003-4DE3-BFF9-04B0E242C1D2}.Release|Any CPU.ActiveCfg = Release|Any CPU
		{D5AD2367-D003-4DE3-BFF9-04B0E242C1D2}.Release|Any CPU.Build.0 = Release|Any CPU
		{99B819B0-03DB-495B-8FA1-ED7997B23BB3}.Debug|Any CPU.ActiveCfg = Debug|Any CPU
		{99B819B0-03DB-495B-8FA1-ED7997B23BB3}.Debug|Any CPU.Build.0 = Debug|Any CPU
		{99B819B0-03DB-495B-8FA1-ED7997B23BB3}.Release|Any CPU.ActiveCfg = Release|Any CPU
		{99B819B0-03DB-495B-8FA1-ED7997B23BB3}.Release|Any CPU.Build.0 = Release|Any CPU
		{5EC48960-39E4-4570-8FD9-3A5B09A9269B}.Debug|Any CPU.ActiveCfg = Debug|Any CPU
		{5EC48960-39E4-4570-8FD9-3A5B09A9269B}.Debug|Any CPU.Build.0 = Debug|Any CPU
		{5EC48960-39E4-4570-8FD9-3A5B09A9269B}.Release|Any CPU.ActiveCfg = Release|Any CPU
		{5EC48960-39E4-4570-8FD9-3A5B09A9269B}.Release|Any CPU.Build.0 = Release|Any CPU
		{AFE0E6A1-3E99-4853-B22E-F93F177766CD}.Debug|Any CPU.ActiveCfg = Debug|Any CPU
		{AFE0E6A1-3E99-4853-B22E-F93F177766CD}.Debug|Any CPU.Build.0 = Debug|Any CPU
		{AFE0E6A1-3E99-4853-B22E-F93F177766CD}.Release|Any CPU.ActiveCfg = Release|Any CPU
		{AFE0E6A1-3E99-4853-B22E-F93F177766CD}.Release|Any CPU.Build.0 = Release|Any CPU
	EndGlobalSection
	GlobalSection(SolutionProperties) = preSolution
		HideSolutionNode = FALSE
	EndGlobalSection
	GlobalSection(ExtensibilityGlobals) = postSolution
		SolutionGuid = {75278160-85F2-42C1-A3A7-6D563B6CCC0B}
	EndGlobalSection
EndGlobal
